
Microsoft Visual Studio Solution File, Format Version 12.00
# Visual Studio Version 17
VisualStudioVersion = 17.14.36429.23
MinimumVisualStudioVersion = 10.0.40219.1
Project("{2150E333-8FDC-42A3-9474-1A3956D46DE8}") = "API", "API", "{02EA681E-C7D8-13C7-8484-4AC65E1B71E8}"
EndProject
Project("{2150E333-8FDC-42A3-9474-1A3956D46DE8}") = "Core", "Core", "{5E04FCF5-EB25-4F5F-A324-C8157A9A3BA5}"
EndProject
Project("{FAE04EC0-301F-11D3-BF4B-00C04F79EFBC}") = "SGCP.Domain", "SGCP.Domain\SGCP.Domain.csproj", "{A7DA80AC-A9F2-4FF5-AC09-1ED2E47A4FC9}"
EndProject
Project("{FAE04EC0-301F-11D3-BF4B-00C04F79EFBC}") = "SGCP.Application", "SGCP.Application\SGCP.Application.csproj", "{38CB306C-9359-4D90-B4BA-023C53432B29}"
EndProject
Project("{2150E333-8FDC-42A3-9474-1A3956D46DE8}") = "Presentation", "Presentation", "{C8374CE9-527F-4BB5-8AB4-78EF31EC2DAE}"
EndProject
Project("{FAE04EC0-301F-11D3-BF4B-00C04F79EFBC}") = "SGCP.Form", "SGCP.Form\SGCP.Form.csproj", "{9121C252-AC84-44C5-8A63-A3E287F20B9D}"
EndProject
Project("{2150E333-8FDC-42A3-9474-1A3956D46DE8}") = "Infraestructure", "Infraestructure", "{8DABCD66-D0E9-480C-BFA7-F5361F6AE834}"
EndProject
Project("{FAE04EC0-301F-11D3-BF4B-00C04F79EFBC}") = "SGCP.Persistence", "SGCP.Persistence\SGCP.Persistence.csproj", "{44354AD2-A8C9-4FD1-9A80-DB682B7B5B7F}"
EndProject
Project("{FAE04EC0-301F-11D3-BF4B-00C04F79EFBC}") = "SGCP.Infraestructure", "SGCP.Infraestructure\SGCP.Infraestructure.csproj", "{58F4BD31-BDBE-46C5-9551-4D4EB5787982}"
EndProject
Project("{2150E333-8FDC-42A3-9474-1A3956D46DE8}") = "Test", "Test", "{F2C8FAD0-6379-4C93-B878-8AEF0FD4E779}"
EndProject
Project("{FAE04EC0-301F-11D3-BF4B-00C04F79EFBC}") = "SGCP.Persistence.Test", "SGCP.Persistence.Test\SGCP.Persistence.Test.csproj", "{0C00A3F2-55F7-4A64-BFF8-23770C22240A}"
EndProject
Project("{FAE04EC0-301F-11D3-BF4B-00C04F79EFBC}") = "SGCP.Application.Test", "SGCP.Application.Test\SGCP.Application.Test.csproj", "{FD4807ED-0997-452B-9709-83EA2B0F202D}"
EndProject
Project("{FAE04EC0-301F-11D3-BF4B-00C04F79EFBC}") = "SGCP.Api.Test", "SGCP.Api.Test\SGCP.Api.Test.csproj", "{1A64A5B6-4A79-418A-93E5-BA8B5980F813}"
EndProject
Project("{2150E333-8FDC-42A3-9474-1A3956D46DE8}") = "Ioc", "Ioc", "{0CC1A33F-13C0-4C94-A112-7F94034295BA}"
EndProject
Project("{FAE04EC0-301F-11D3-BF4B-00C04F79EFBC}") = "SGCP.Ioc", "SGCP.Ioc\SGCP.Ioc.csproj", "{779A242C-2695-4DC8-8870-3B1F5BE12968}"
EndProject
Project("{FAE04EC0-301F-11D3-BF4B-00C04F79EFBC}") = "SGCP.ModuloProducto.Api", "SGCP.ModuloProducto.Api\SGCP.ModuloProducto.Api.csproj", "{88F626BC-6DE1-4D23-A42C-861971CA88E5}"
EndProject
Project("{FAE04EC0-301F-11D3-BF4B-00C04F79EFBC}") = "SGCP.ModuloReporte.Api", "SGCP.ModuloReporte.Api\SGCP.ModuloReporte.Api.csproj", "{198C7BA3-0B25-42BC-A49B-09F917E89FD0}"
EndProject
Project("{FAE04EC0-301F-11D3-BF4B-00C04F79EFBC}") = "SGCP.ModuloPedido.Api", "SGCP.ModuloPedido.Api\SGCP.ModuloPedido.Api.csproj", "{0EFA5D66-2DF7-488C-B234-85C1D5F6ED54}"
EndProject
Project("{FAE04EC0-301F-11D3-BF4B-00C04F79EFBC}") = "SGCP.ModuloUsuarios.Api", "SGCP.ModuloUsuarios.Api\SGCP.ModuloUsuarios.Api.csproj", "{C0F29155-3BBF-4177-A3B7-F95B5B4474EC}"
EndProject
Project("{FAE04EC0-301F-11D3-BF4B-00C04F79EFBC}") = "SGCP.ModuloCarrito.Api", "SGCP.ModuloCarrito.Api\SGCP.ModuloCarrito.Api.csproj", "{CC567D35-C99A-4309-83C2-62416731A9FF}"
EndProject
Global
	GlobalSection(SolutionConfigurationPlatforms) = preSolution
		Debug|Any CPU = Debug|Any CPU
		Release|Any CPU = Release|Any CPU
	EndGlobalSection
	GlobalSection(ProjectConfigurationPlatforms) = postSolution
		{A7DA80AC-A9F2-4FF5-AC09-1ED2E47A4FC9}.Debug|Any CPU.ActiveCfg = Debug|Any CPU
		{A7DA80AC-A9F2-4FF5-AC09-1ED2E47A4FC9}.Debug|Any CPU.Build.0 = Debug|Any CPU
		{A7DA80AC-A9F2-4FF5-AC09-1ED2E47A4FC9}.Release|Any CPU.ActiveCfg = Release|Any CPU
		{A7DA80AC-A9F2-4FF5-AC09-1ED2E47A4FC9}.Release|Any CPU.Build.0 = Release|Any CPU
		{38CB306C-9359-4D90-B4BA-023C53432B29}.Debug|Any CPU.ActiveCfg = Debug|Any CPU
		{38CB306C-9359-4D90-B4BA-023C53432B29}.Debug|Any CPU.Build.0 = Debug|Any CPU
		{38CB306C-9359-4D90-B4BA-023C53432B29}.Release|Any CPU.ActiveCfg = Release|Any CPU
		{38CB306C-9359-4D90-B4BA-023C53432B29}.Release|Any CPU.Build.0 = Release|Any CPU
		{9121C252-AC84-44C5-8A63-A3E287F20B9D}.Debug|Any CPU.ActiveCfg = Debug|Any CPU
		{9121C252-AC84-44C5-8A63-A3E287F20B9D}.Debug|Any CPU.Build.0 = Debug|Any CPU
		{9121C252-AC84-44C5-8A63-A3E287F20B9D}.Release|Any CPU.ActiveCfg = Release|Any CPU
		{9121C252-AC84-44C5-8A63-A3E287F20B9D}.Release|Any CPU.Build.0 = Release|Any CPU
		{44354AD2-A8C9-4FD1-9A80-DB682B7B5B7F}.Debug|Any CPU.ActiveCfg = Debug|Any CPU
		{44354AD2-A8C9-4FD1-9A80-DB682B7B5B7F}.Debug|Any CPU.Build.0 = Debug|Any CPU
		{44354AD2-A8C9-4FD1-9A80-DB682B7B5B7F}.Release|Any CPU.ActiveCfg = Release|Any CPU
		{44354AD2-A8C9-4FD1-9A80-DB682B7B5B7F}.Release|Any CPU.Build.0 = Release|Any CPU
		{58F4BD31-BDBE-46C5-9551-4D4EB5787982}.Debug|Any CPU.ActiveCfg = Debug|Any CPU
		{58F4BD31-BDBE-46C5-9551-4D4EB5787982}.Debug|Any CPU.Build.0 = Debug|Any CPU
		{58F4BD31-BDBE-46C5-9551-4D4EB5787982}.Release|Any CPU.ActiveCfg = Release|Any CPU
		{58F4BD31-BDBE-46C5-9551-4D4EB5787982}.Release|Any CPU.Build.0 = Release|Any CPU
		{0C00A3F2-55F7-4A64-BFF8-23770C22240A}.Debug|Any CPU.ActiveCfg = Debug|Any CPU
		{0C00A3F2-55F7-4A64-BFF8-23770C22240A}.Debug|Any CPU.Build.0 = Debug|Any CPU
		{0C00A3F2-55F7-4A64-BFF8-23770C22240A}.Release|Any CPU.ActiveCfg = Release|Any CPU
		{0C00A3F2-55F7-4A64-BFF8-23770C22240A}.Release|Any CPU.Build.0 = Release|Any CPU
		{FD4807ED-0997-452B-9709-83EA2B0F202D}.Debug|Any CPU.ActiveCfg = Debug|Any CPU
		{FD4807ED-0997-452B-9709-83EA2B0F202D}.Debug|Any CPU.Build.0 = Debug|Any CPU
		{FD4807ED-0997-452B-9709-83EA2B0F202D}.Release|Any CPU.ActiveCfg = Release|Any CPU
		{FD4807ED-0997-452B-9709-83EA2B0F202D}.Release|Any CPU.Build.0 = Release|Any CPU
		{1A64A5B6-4A79-418A-93E5-BA8B5980F813}.Debug|Any CPU.ActiveCfg = Debug|Any CPU
		{1A64A5B6-4A79-418A-93E5-BA8B5980F813}.Debug|Any CPU.Build.0 = Debug|Any CPU
		{1A64A5B6-4A79-418A-93E5-BA8B5980F813}.Release|Any CPU.ActiveCfg = Release|Any CPU
		{1A64A5B6-4A79-418A-93E5-BA8B5980F813}.Release|Any CPU.Build.0 = Release|Any CPU
		{779A242C-2695-4DC8-8870-3B1F5BE12968}.Debug|Any CPU.ActiveCfg = Debug|Any CPU
		{779A242C-2695-4DC8-8870-3B1F5BE12968}.Debug|Any CPU.Build.0 = Debug|Any CPU
		{779A242C-2695-4DC8-8870-3B1F5BE12968}.Release|Any CPU.ActiveCfg = Release|Any CPU
		{779A242C-2695-4DC8-8870-3B1F5BE12968}.Release|Any CPU.Build.0 = Release|Any CPU
		{88F626BC-6DE1-4D23-A42C-861971CA88E5}.Debug|Any CPU.ActiveCfg = Debug|Any CPU
		{88F626BC-6DE1-4D23-A42C-861971CA88E5}.Debug|Any CPU.Build.0 = Debug|Any CPU
		{88F626BC-6DE1-4D23-A42C-861971CA88E5}.Release|Any CPU.ActiveCfg = Release|Any CPU
		{88F626BC-6DE1-4D23-A42C-861971CA88E5}.Release|Any CPU.Build.0 = Release|Any CPU
		{198C7BA3-0B25-42BC-A49B-09F917E89FD0}.Debug|Any CPU.ActiveCfg = Debug|Any CPU
		{198C7BA3-0B25-42BC-A49B-09F917E89FD0}.Debug|Any CPU.Build.0 = Debug|Any CPU
		{198C7BA3-0B25-42BC-A49B-09F917E89FD0}.Release|Any CPU.ActiveCfg = Release|Any CPU
		{198C7BA3-0B25-42BC-A49B-09F917E89FD0}.Release|Any CPU.Build.0 = Release|Any CPU
		{0EFA5D66-2DF7-488C-B234-85C1D5F6ED54}.Debug|Any CPU.ActiveCfg = Debug|Any CPU
		{0EFA5D66-2DF7-488C-B234-85C1D5F6ED54}.Debug|Any CPU.Build.0 = Debug|Any CPU
		{0EFA5D66-2DF7-488C-B234-85C1D5F6ED54}.Release|Any CPU.ActiveCfg = Release|Any CPU
		{0EFA5D66-2DF7-488C-B234-85C1D5F6ED54}.Release|Any CPU.Build.0 = Release|Any CPU
		{C0F29155-3BBF-4177-A3B7-F95B5B4474EC}.Debug|Any CPU.ActiveCfg = Debug|Any CPU
		{C0F29155-3BBF-4177-A3B7-F95B5B4474EC}.Debug|Any CPU.Build.0 = Debug|Any CPU
		{C0F29155-3BBF-4177-A3B7-F95B5B4474EC}.Release|Any CPU.ActiveCfg = Release|Any CPU
		{C0F29155-3BBF-4177-A3B7-F95B5B4474EC}.Release|Any CPU.Build.0 = Release|Any CPU
		{CC567D35-C99A-4309-83C2-62416731A9FF}.Debug|Any CPU.ActiveCfg = Debug|Any CPU
		{CC567D35-C99A-4309-83C2-62416731A9FF}.Debug|Any CPU.Build.0 = Debug|Any CPU
		{CC567D35-C99A-4309-83C2-62416731A9FF}.Release|Any CPU.ActiveCfg = Release|Any CPU
		{CC567D35-C99A-4309-83C2-62416731A9FF}.Release|Any CPU.Build.0 = Release|Any CPU
	EndGlobalSection
	GlobalSection(SolutionProperties) = preSolution
		HideSolutionNode = FALSE
	EndGlobalSection
	GlobalSection(NestedProjects) = preSolution
		{A7DA80AC-A9F2-4FF5-AC09-1ED2E47A4FC9} = {5E04FCF5-EB25-4F5F-A324-C8157A9A3BA5}
		{38CB306C-9359-4D90-B4BA-023C53432B29} = {5E04FCF5-EB25-4F5F-A324-C8157A9A3BA5}
		{9121C252-AC84-44C5-8A63-A3E287F20B9D} = {C8374CE9-527F-4BB5-8AB4-78EF31EC2DAE}
		{44354AD2-A8C9-4FD1-9A80-DB682B7B5B7F} = {8DABCD66-D0E9-480C-BFA7-F5361F6AE834}
		{58F4BD31-BDBE-46C5-9551-4D4EB5787982} = {8DABCD66-D0E9-480C-BFA7-F5361F6AE834}
		{0C00A3F2-55F7-4A64-BFF8-23770C22240A} = {F2C8FAD0-6379-4C93-B878-8AEF0FD4E779}
		{FD4807ED-0997-452B-9709-83EA2B0F202D} = {F2C8FAD0-6379-4C93-B878-8AEF0FD4E779}
		{1A64A5B6-4A79-418A-93E5-BA8B5980F813} = {F2C8FAD0-6379-4C93-B878-8AEF0FD4E779}
		{779A242C-2695-4DC8-8870-3B1F5BE12968} = {0CC1A33F-13C0-4C94-A112-7F94034295BA}
		{88F626BC-6DE1-4D23-A42C-861971CA88E5} = {02EA681E-C7D8-13C7-8484-4AC65E1B71E8}
		{198C7BA3-0B25-42BC-A49B-09F917E89FD0} = {02EA681E-C7D8-13C7-8484-4AC65E1B71E8}
		{0EFA5D66-2DF7-488C-B234-85C1D5F6ED54} = {02EA681E-C7D8-13C7-8484-4AC65E1B71E8}
		{C0F29155-3BBF-4177-A3B7-F95B5B4474EC} = {02EA681E-C7D8-13C7-8484-4AC65E1B71E8}
		{CC567D35-C99A-4309-83C2-62416731A9FF} = {02EA681E-C7D8-13C7-8484-4AC65E1B71E8}
	EndGlobalSection
	GlobalSection(ExtensibilityGlobals) = postSolution
		SolutionGuid = {823CB123-F92D-4F6C-878E-8510847DDEBD}
	EndGlobalSection
EndGlobal
